// !$*UTF8*$!
{
	archiveVersion = 1;
	classes = {
	};
	objectVersion = 56;
	objects = {

/* Begin PBXBuildFile section */
		AD000001 /* JustRollApp.swift in Sources */ = {isa = PBXBuildFile; fileRef = AC000001 /* JustRollApp.swift */; };
		AD000002 /* Assets.xcassets in Resources */ = {isa = PBXBuildFile; fileRef = AC000002 /* Assets.xcassets */; };
		AD000010 /* RootTabView.swift in Sources */ = {isa = PBXBuildFile; fileRef = AC000010 /* RootTabView.swift */; };
		AD000020 /* Theme.swift in Sources */ = {isa = PBXBuildFile; fileRef = AC000020 /* Theme.swift */; };
		AD000021 /* Components.swift in Sources */ = {isa = PBXBuildFile; fileRef = AC000021 /* Components.swift */; };
		AD000030 /* User.swift in Sources */ = {isa = PBXBuildFile; fileRef = AC000030 /* User.swift */; };
		AD000031 /* Session.swift in Sources */ = {isa = PBXBuildFile; fileRef = AC000031 /* Session.swift */; };
		AD000032 /* Contact.swift in Sources */ = {isa = PBXBuildFile; fileRef = AC000032 /* Contact.swift */; };
		AD000033 /* PendingPhoto.swift in Sources */ = {isa = PBXBuildFile; fileRef = AC000033 /* PendingPhoto.swift */; };
		AD000034 /* PendingBatch.swift in Sources */ = {isa = PBXBuildFile; fileRef = AC000034 /* PendingBatch.swift */; };
		AD000035 /* ReceivedBatch.swift in Sources */ = {isa = PBXBuildFile; fileRef = AC000035 /* ReceivedBatch.swift */; };
		AD000040 /* SupabaseServiceProtocol.swift in Sources */ = {isa = PBXBuildFile; fileRef = AC000040 /* SupabaseServiceProtocol.swift */; };
		AD000041 /* MockSupabaseService.swift in Sources */ = {isa = PBXBuildFile; fileRef = AC000041 /* MockSupabaseService.swift */; };
		AD000042 /* SupabaseConfig.swift in Sources */ = {isa = PBXBuildFile; fileRef = AC000042 /* SupabaseConfig.swift */; };
		AD000043 /* SupabaseService.swift in Sources */ = {isa = PBXBuildFile; fileRef = AC000043 /* SupabaseService.swift */; };
		AD000044 /* PhotoExporter.swift in Sources */ = {isa = PBXBuildFile; fileRef = AC000044 /* PhotoExporter.swift */; };
		AD000045 /* UploadManager.swift in Sources */ = {isa = PBXBuildFile; fileRef = AC000045 /* UploadManager.swift */; };
		AD000046 /* NearbySessionManager.swift in Sources */ = {isa = PBXBuildFile; fileRef = AC000046 /* NearbySessionManager.swift */; };
		AD000050 /* SessionsView.swift in Sources */ = {isa = PBXBuildFile; fileRef = AC000050 /* SessionsView.swift */; };
		AD000051 /* SessionsViewModel.swift in Sources */ = {isa = PBXBuildFile; fileRef = AC000051 /* SessionsViewModel.swift */; };
		AD000052 /* SessionRowView.swift in Sources */ = {isa = PBXBuildFile; fileRef = AC000052 /* SessionRowView.swift */; };
		AD000053 /* StartRollSheet.swift in Sources */ = {isa = PBXBuildFile; fileRef = AC000053 /* StartRollSheet.swift */; };
		AD000060 /* ContactsView.swift in Sources */ = {isa = PBXBuildFile; fileRef = AC000060 /* ContactsView.swift */; };
		AD000061 /* ContactsViewModel.swift in Sources */ = {isa = PBXBuildFile; fileRef = AC000061 /* ContactsViewModel.swift */; };
		AD000070 /* UnsentView.swift in Sources */ = {isa = PBXBuildFile; fileRef = AC000070 /* UnsentView.swift */; };
		AD000071 /* UnsentViewModel.swift in Sources */ = {isa = PBXBuildFile; fileRef = AC000071 /* UnsentViewModel.swift */; };
		AD000072 /* ReviewPhotoGridView.swift in Sources */ = {isa = PBXBuildFile; fileRef = AC000072 /* ReviewPhotoGridView.swift */; };
		AD000080 /* SettingsView.swift in Sources */ = {isa = PBXBuildFile; fileRef = AC000080 /* SettingsView.swift */; };
		AD000085 /* MemoryView.swift in Sources */ = {isa = PBXBuildFile; fileRef = AC000085 /* MemoryView.swift */; };
		AD000086 /* ReceivedReviewView.swift in Sources */ = {isa = PBXBuildFile; fileRef = AC000086 /* ReceivedReviewView.swift */; };
		AD000090 /* Caveat-Medium.ttf in Resources */ = {isa = PBXBuildFile; fileRef = AC000090 /* Caveat-Medium.ttf */; };
		AD000092 /* ShantellSans-Medium.ttf in Resources */ = {isa = PBXBuildFile; fileRef = AC000092 /* ShantellSans-Medium.ttf */; };
		AD000093 /* NearbyDiscoveryView.swift in Sources */ = {isa = PBXBuildFile; fileRef = AC000093 /* NearbyDiscoveryView.swift */; };
		AD000095 /* AuthView.swift in Sources */ = {isa = PBXBuildFile; fileRef = AC000095 /* AuthView.swift */; };
		AD000096 /* OnboardingFlowView.swift in Sources */ = {isa = PBXBuildFile; fileRef = AC000096 /* OnboardingFlowView.swift */; };
		BD0180C52FF5A52D007C3292 /* Auth in Frameworks */ = {isa = PBXBuildFile; productRef = BD0180C42FF5A52D007C3292 /* Auth */; };
		BD0180C72FF5A52D007C3292 /* Realtime in Frameworks */ = {isa = PBXBuildFile; productRef = BD0180C62FF5A52D007C3292 /* Realtime */; };
		BD0180C92FF5A52D007C3292 /* Storage in Frameworks */ = {isa = PBXBuildFile; productRef = BD0180C82FF5A52D007C3292 /* Storage */; };
		BD0180CB2FF5A52D007C3292 /* Supabase in Frameworks */ = {isa = PBXBuildFile; productRef = BD0180CA2FF5A52D007C3292 /* Supabase */; };
/* End PBXBuildFile section */

/* Begin PBXFileReference section */
		AA000004 /* JustRoll.app */ = {isa = PBXFileReference; explicitFileType = wrapper.application; includeInIndex = 0; path = JustRoll.app; sourceTree = BUILT_PRODUCTS_DIR; };
		AC000001 /* JustRollApp.swift */ = {isa = PBXFileReference; lastKnownFileType = sourcecode.swift; path = JustRollApp.swift; sourceTree = "<group>"; };
		AC000002 /* Assets.xcassets */ = {isa = PBXFileReference; lastKnownFileType = folder.assetcatalog; path = Assets.xcassets; sourceTree = "<group>"; };
		AC000010 /* RootTabView.swift */ = {isa = PBXFileReference; lastKnownFileType = sourcecode.swift; path = RootTabView.swift; sourceTree = "<group>"; };
		AC000020 /* Theme.swift */ = {isa = PBXFileReference; lastKnownFileType = sourcecode.swift; path = Theme.swift; sourceTree = "<group>"; };
		AC000021 /* Components.swift */ = {isa = PBXFileReference; lastKnownFileType = sourcecode.swift; path = Components.swift; sourceTree = "<group>"; };
		AC000030 /* User.swift */ = {isa = PBXFileReference; lastKnownFileType = sourcecode.swift; path = User.swift; sourceTree = "<group>"; };
		AC000031 /* Session.swift */ = {isa = PBXFileReference; lastKnownFileType = sourcecode.swift; path = Session.swift; sourceTree = "<group>"; };
		AC000032 /* Contact.swift */ = {isa = PBXFileReference; lastKnownFileType = sourcecode.swift; path = Contact.swift; sourceTree = "<group>"; };
		AC000033 /* PendingPhoto.swift */ = {isa = PBXFileReference; lastKnownFileType = sourcecode.swift; path = PendingPhoto.swift; sourceTree = "<group>"; };
		AC000034 /* PendingBatch.swift */ = {isa = PBXFileReference; lastKnownFileType = sourcecode.swift; path = PendingBatch.swift; sourceTree = "<group>"; };
		AC000035 /* ReceivedBatch.swift */ = {isa = PBXFileReference; lastKnownFileType = sourcecode.swift; path = ReceivedBatch.swift; sourceTree = "<group>"; };
		AC000040 /* SupabaseServiceProtocol.swift */ = {isa = PBXFileReference; lastKnownFileType = sourcecode.swift; path = SupabaseServiceProtocol.swift; sourceTree = "<group>"; };
		AC000041 /* MockSupabaseService.swift */ = {isa = PBXFileReference; lastKnownFileType = sourcecode.swift; path = MockSupabaseService.swift; sourceTree = "<group>"; };
		AC000042 /* SupabaseConfig.swift */ = {isa = PBXFileReference; lastKnownFileType = sourcecode.swift; path = SupabaseConfig.swift; sourceTree = "<group>"; };
		AC000043 /* SupabaseService.swift */ = {isa = PBXFileReference; lastKnownFileType = sourcecode.swift; path = SupabaseService.swift; sourceTree = "<group>"; };
		AC000044 /* PhotoExporter.swift */ = {isa = PBXFileReference; lastKnownFileType = sourcecode.swift; path = PhotoExporter.swift; sourceTree = "<group>"; };
		AC000045 /* UploadManager.swift */ = {isa = PBXFileReference; lastKnownFileType = sourcecode.swift; path = UploadManager.swift; sourceTree = "<group>"; };
		AC000046 /* NearbySessionManager.swift */ = {isa = PBXFileReference; lastKnownFileType = sourcecode.swift; path = NearbySessionManager.swift; sourceTree = "<group>"; };
		AC000050 /* SessionsView.swift */ = {isa = PBXFileReference; lastKnownFileType = sourcecode.swift; path = SessionsView.swift; sourceTree = "<group>"; };
		AC000051 /* SessionsViewModel.swift */ = {isa = PBXFileReference; lastKnownFileType = sourcecode.swift; path = SessionsViewModel.swift; sourceTree = "<group>"; };
		AC000052 /* SessionRowView.swift */ = {isa = PBXFileReference; lastKnownFileType = sourcecode.swift; path = SessionRowView.swift; sourceTree = "<group>"; };
		AC000053 /* StartRollSheet.swift */ = {isa = PBXFileReference; lastKnownFileType = sourcecode.swift; path = StartRollSheet.swift; sourceTree = "<group>"; };
		AC000060 /* ContactsView.swift */ = {isa = PBXFileReference; lastKnownFileType = sourcecode.swift; path = ContactsView.swift; sourceTree = "<group>"; };
		AC000061 /* ContactsViewModel.swift */ = {isa = PBXFileReference; lastKnownFileType = sourcecode.swift; path = ContactsViewModel.swift; sourceTree = "<group>"; };
		AC000070 /* UnsentView.swift */ = {isa = PBXFileReference; lastKnownFileType = sourcecode.swift; path = UnsentView.swift; sourceTree = "<group>"; };
		AC000071 /* UnsentViewModel.swift */ = {isa = PBXFileReference; lastKnownFileType = sourcecode.swift; path = UnsentViewModel.swift; sourceTree = "<group>"; };
		AC000072 /* ReviewPhotoGridView.swift */ = {isa = PBXFileReference; lastKnownFileType = sourcecode.swift; path = ReviewPhotoGridView.swift; sourceTree = "<group>"; };
		AC000080 /* SettingsView.swift */ = {isa = PBXFileReference; lastKnownFileType = sourcecode.swift; path = SettingsView.swift; sourceTree = "<group>"; };
		AC000085 /* MemoryView.swift */ = {isa = PBXFileReference; lastKnownFileType = sourcecode.swift; path = MemoryView.swift; sourceTree = "<group>"; };
		AC000086 /* ReceivedReviewView.swift */ = {isa = PBXFileReference; lastKnownFileType = sourcecode.swift; path = ReceivedReviewView.swift; sourceTree = "<group>"; };
		AC000090 /* Caveat-Medium.ttf */ = {isa = PBXFileReference; lastKnownFileType = text; path = "Caveat-Medium.ttf"; sourceTree = "<group>"; };
		AC000091 /* Info.plist */ = {isa = PBXFileReference; lastKnownFileType = text.plist.xml; path = Info.plist; sourceTree = "<group>"; };
		AC000092 /* ShantellSans-Medium.ttf */ = {isa = PBXFileReference; lastKnownFileType = file; path = "ShantellSans-Medium.ttf"; sourceTree = "<group>"; };
		AC000093 /* NearbyDiscoveryView.swift */ = {isa = PBXFileReference; lastKnownFileType = sourcecode.swift; path = NearbyDiscoveryView.swift; sourceTree = "<group>"; };
		AC000095 /* AuthView.swift */ = {isa = PBXFileReference; lastKnownFileType = sourcecode.swift; path = AuthView.swift; sourceTree = "<group>"; };
		AC000096 /* OnboardingFlowView.swift */ = {isa = PBXFileReference; lastKnownFileType = sourcecode.swift; path = OnboardingFlowView.swift; sourceTree = "<group>"; };
/* End PBXFileReference section */

/* Begin PBXFrameworksBuildPhase section */
		AA000009 /* Frameworks */ = {
			isa = PBXFrameworksBuildPhase;
			buildActionMask = 2147483647;
			files = (
				BD0180CB2FF5A52D007C3292 /* Supabase in Frameworks */,
				BD0180C92FF5A52D007C3292 /* Storage in Frameworks */,
				BD0180C52FF5A52D007C3292 /* Auth in Frameworks */,
				BD0180C72FF5A52D007C3292 /* Realtime in Frameworks */,
			);
			runOnlyForDeploymentPostprocessing = 0;
		};
/* End PBXFrameworksBuildPhase section */

/* Begin PBXGroup section */
		AA000001 = {
			isa = PBXGroup;
			children = (
				AA000002 /* JustRoll */,
				AA000003 /* Products */,
			);
			sourceTree = "<group>";
		};
		AA000002 /* JustRoll */ = {
			isa = PBXGroup;
			children = (
				AC000001 /* JustRollApp.swift */,
				AC000002 /* Assets.xcassets */,
				AC000091 /* Info.plist */,
				AB000001 /* App */,
				AB000002 /* Design */,
				AB000003 /* Models */,
				AB000004 /* Services */,
				AB000005 /* Features */,
				AB000010 /* Fonts */,
			);
			path = JustRoll;
			sourceTree = "<group>";
		};
		AA000003 /* Products */ = {
			isa = PBXGroup;
			children = (
				AA000004 /* JustRoll.app */,
			);
			name = Products;
			sourceTree = "<group>";
		};
		AB000001 /* App */ = {
			isa = PBXGroup;
			children = (
				AC000010 /* RootTabView.swift */,
			);
			path = App;
			sourceTree = "<group>";
		};
		AB000002 /* Design */ = {
			isa = PBXGroup;
			children = (
				AC000020 /* Theme.swift */,
				AC000021 /* Components.swift */,
			);
			path = Design;
			sourceTree = "<group>";
		};
		AB000003 /* Models */ = {
			isa = PBXGroup;
			children = (
				AC000030 /* User.swift */,
				AC000031 /* Session.swift */,
				AC000032 /* Contact.swift */,
				AC000033 /* PendingPhoto.swift */,
				AC000034 /* PendingBatch.swift */,
				AC000035 /* ReceivedBatch.swift */,
			);
			path = Models;
			sourceTree = "<group>";
		};
		AB000004 /* Services */ = {
			isa = PBXGroup;
			children = (
				AC000040 /* SupabaseServiceProtocol.swift */,
				AC000041 /* MockSupabaseService.swift */,
				AC000042 /* SupabaseConfig.swift */,
				AC000043 /* SupabaseService.swift */,
				AC000044 /* PhotoExporter.swift */,
				AC000045 /* UploadManager.swift */,
				AC000046 /* NearbySessionManager.swift */,
			);
			path = Services;
			sourceTree = "<group>";
		};
		AB000005 /* Features */ = {
			isa = PBXGroup;
			children = (
				AB000012 /* Auth */,
				AB000006 /* Sessions */,
				AB000013 /* Memory */,
				AB000007 /* Contacts */,
				AB000008 /* Unsent */,
				AB000009 /* Settings */,
				AB000011 /* Nearby */,
			);
			path = Features;
			sourceTree = "<group>";
		};
		AB000006 /* Sessions */ = {
			isa = PBXGroup;
			children = (
				AC000050 /* SessionsView.swift */,
				AC000051 /* SessionsViewModel.swift */,
				AC000052 /* SessionRowView.swift */,
				AC000053 /* StartRollSheet.swift */,
			);
			path = Sessions;
			sourceTree = "<group>";
		};
		AB000007 /* Contacts */ = {
			isa = PBXGroup;
			children = (
				AC000060 /* ContactsView.swift */,
				AC000061 /* ContactsViewModel.swift */,
			);
			path = Contacts;
			sourceTree = "<group>";
		};
		AB000008 /* Unsent */ = {
			isa = PBXGroup;
			children = (
				AC000070 /* UnsentView.swift */,
				AC000071 /* UnsentViewModel.swift */,
				AC000072 /* ReviewPhotoGridView.swift */,
			);
			path = Unsent;
			sourceTree = "<group>";
		};
		AB000009 /* Settings */ = {
			isa = PBXGroup;
			children = (
				AC000080 /* SettingsView.swift */,
			);
			path = Settings;
			sourceTree = "<group>";
		};
		AB000010 /* Fonts */ = {
			isa = PBXGroup;
			children = (
				AC000090 /* Caveat-Medium.ttf */,
				AC000092 /* ShantellSans-Medium.ttf */,
			);
			path = Fonts;
			sourceTree = "<group>";
		};
		AB000011 /* Nearby */ = {
			isa = PBXGroup;
			children = (
				AC000093 /* NearbyDiscoveryView.swift */,
			);
			path = Nearby;
			sourceTree = "<group>";
		};
		AB000012 /* Auth */ = {
			isa = PBXGroup;
			children = (
				AC000095 /* AuthView.swift */,
				AC000096 /* OnboardingFlowView.swift */,
			);
			path = Auth;
			sourceTree = "<group>";
		};
		AB000013 /* Memory */ = {
			isa = PBXGroup;
			children = (
				AC000085 /* MemoryView.swift */,
				AC000086 /* ReceivedReviewView.swift */,
			);
			path = Memory;
			sourceTree = "<group>";
		};
/* End PBXGroup section */

/* Begin PBXNativeTarget section */
		AA000005 /* JustRoll */ = {
			isa = PBXNativeTarget;
			buildConfigurationList = AA000013 /* Build configuration list for PBXNativeTarget "JustRoll" */;
			buildPhases = (
				AA000008 /* Resources */,
				AA000009 /* Frameworks */,
				AA000007 /* Sources */,
			);
			buildRules = (
			);
			dependencies = (
			);
			name = JustRoll;
			productName = JustRoll;
			productReference = AA000004 /* JustRoll.app */;
			productType = "com.apple.product-type.application";
		};
/* End PBXNativeTarget section */

/* Begin PBXProject section */
		AA000006 /* Project object */ = {
			isa = PBXProject;
			attributes = {
				BuildIndependentTargetsInParallel = 1;
				LastSwiftUpdateCheck = 1600;
				LastUpgradeCheck = 1600;
				TargetAttributes = {
					AA000005 = {
						CreatedOnToolsVersion = 16.0;
					};
				};
			};
			buildConfigurationList = AA000010 /* Build configuration list for PBXProject "JustRoll" */;
			compatibilityVersion = "Xcode 14.0";
			developmentRegion = en;
			hasScannedForEncodings = 0;
			knownRegions = (
				en,
				Base,
			);
			mainGroup = AA000001;
			packageReferences = (
				BD0180C32FF5A52D007C3292 /* XCRemoteSwiftPackageReference "supabase-swift" */,
			);
			productRefGroup = AA000003 /* Products */;
			projectDirPath = "";
			projectRoot = "";
			targets = (
				AA000005 /* JustRoll */,
			);
		};
/* End PBXProject section */

/* Begin PBXResourcesBuildPhase section */
		AA000008 /* Resources */ = {
			isa = PBXResourcesBuildPhase;
			buildActionMask = 2147483647;
			files = (
				AD000002 /* Assets.xcassets in Resources */,
				AD000090 /* Caveat-Medium.ttf in Resources */,
				AD000092 /* ShantellSans-Medium.ttf in Resources */,
			);
			runOnlyForDeploymentPostprocessing = 0;
		};
/* End PBXResourcesBuildPhase section */

/* Begin PBXSourcesBuildPhase section */
		AA000007 /* Sources */ = {
			isa = PBXSourcesBuildPhase;
			buildActionMask = 2147483647;
			files = (
				AD000001 /* JustRollApp.swift in Sources */,
				AD000010 /* RootTabView.swift in Sources */,
				AD000020 /* Theme.swift in Sources */,
				AD000021 /* Components.swift in Sources */,
				AD000030 /* User.swift in Sources */,
				AD000031 /* Session.swift in Sources */,
				AD000032 /* Contact.swift in Sources */,
				AD000033 /* PendingPhoto.swift in Sources */,
				AD000034 /* PendingBatch.swift in Sources */,
				AD000035 /* ReceivedBatch.swift in Sources */,
				AD000040 /* SupabaseServiceProtocol.swift in Sources */,
				AD000041 /* MockSupabaseService.swift in Sources */,
				AD000042 /* SupabaseConfig.swift in Sources */,
				AD000043 /* SupabaseService.swift in Sources */,
				AD000044 /* PhotoExporter.swift in Sources */,
				AD000045 /* UploadManager.swift in Sources */,
				AD000046 /* NearbySessionManager.swift in Sources */,
				AD000050 /* SessionsView.swift in Sources */,
				AD000051 /* SessionsViewModel.swift in Sources */,
				AD000052 /* SessionRowView.swift in Sources */,
				AD000053 /* StartRollSheet.swift in Sources */,
				AD000060 /* ContactsView.swift in Sources */,
				AD000061 /* ContactsViewModel.swift in Sources */,
				AD000070 /* UnsentView.swift in Sources */,
				AD000071 /* UnsentViewModel.swift in Sources */,
				AD000072 /* ReviewPhotoGridView.swift in Sources */,
				AD000080 /* SettingsView.swift in Sources */,
				AD000093 /* NearbyDiscoveryView.swift in Sources */,
				AD000095 /* AuthView.swift in Sources */,
				AD000096 /* OnboardingFlowView.swift in Sources */,
				AD000085 /* MemoryView.swift in Sources */,
				AD000086 /* ReceivedReviewView.swift in Sources */,
			);
			runOnlyForDeploymentPostprocessing = 0;
		};
/* End PBXSourcesBuildPhase section */

/* Begin XCBuildConfiguration section */
		AA000011 /* Debug */ = {
			isa = XCBuildConfiguration;
			buildSettings = {
				ALWAYS_SEARCH_USER_PATHS = NO;
				ASSETCATALOG_COMPILER_GENERATE_SWIFT_ASSET_SYMBOL_EXTENSIONS = YES;
				CLANG_ANALYZER_NONNULL = YES;
				CLANG_ANALYZER_NUMBER_OBJECT_CONVERSION = YES_AGGRESSIVE;
				CLANG_CXX_LANGUAGE_STANDARD = "gnu++20";
				CLANG_ENABLE_MODULES = YES;
				CLANG_ENABLE_OBJC_ARC = YES;
				CLANG_ENABLE_OBJC_WEAK = YES;
				CLANG_WARN_BLOCK_CAPTURE_AUTORELEASING = YES;
				CLANG_WARN_BOOL_CONVERSION = YES;
				CLANG_WARN_COMMA = YES;
				CLANG_WARN_CONSTANT_CONVERSION = YES;
				CLANG_WARN_DEPRECATED_OBJC_IMPLEMENTATIONS = YES;
				CLANG_WARN_DIRECT_OBJC_ISA_USAGE = YES_ERROR;
				CLANG_WARN_DOCUMENTATION_COMMENTS = YES;
				CLANG_WARN_EMPTY_BODY = YES;
				CLANG_WARN_ENUM_CONVERSION = YES;
				CLANG_WARN_INFINITE_RECURSION = YES;
				CLANG_WARN_INT_CONVERSION = YES;
				CLANG_WARN_NON_LITERAL_NULL_CONVERSION = YES;
				CLANG_WARN_OBJC_IMPLICIT_RETAIN_SELF = YES;
				CLANG_WARN_OBJC_LITERAL_CONVERSION = YES;
				CLANG_WARN_OBJC_ROOT_CLASS = YES_ERROR;
				CLANG_WARN_QUOTED_INCLUDE_IN_FRAMEWORK_HEADER = YES;
				CLANG_WARN_RANGE_LOOP_ANALYSIS = YES;
				CLANG_WARN_STRICT_PROTOTYPES = YES;
				CLANG_WARN_SUSPICIOUS_MOVE = YES;
				CLANG_WARN_UNINITIALIZED = YES;
				CLANG_WARN_UNREACHABLE_CODE = YES;
				CLANG_WARN__DUPLICATE_METHOD_MATCH = YES;
				COPY_PHASE_STRIP = NO;
				DEBUG_INFORMATION_FORMAT = dwarf;
				ENABLE_STRICT_OBJC_MSGSEND = YES;
				ENABLE_TESTABILITY = YES;
				ENABLE_USER_SCRIPT_SANDBOXING = YES;
				GCC_C_LANGUAGE_STANDARD = gnu17;
				GCC_DYNAMIC_NO_PIC = NO;
				GCC_NO_COMMON_BLOCKS = YES;
				GCC_OPTIMIZATION_LEVEL = 0;
				GCC_PREPROCESSOR_DEFINITIONS = (
					"DEBUG=1",
					"$(inherited)",
				);
				GCC_WARN_64_TO_32_BIT_CONVERSION = YES;
				GCC_WARN_ABOUT_RETURN_TYPE = YES_ERROR;
				GCC_WARN_UNDECLARED_SELECTOR = YES;
				GCC_WARN_UNINITIALIZED_AUTOS = YES_AGGRESSIVE;
				GCC_WARN_UNUSED_FUNCTION = YES;
				GCC_WARN_UNUSED_VARIABLE = YES;
				LOCALIZATION_PREFERS_STRING_CATALOGS = YES;
				MTL_ENABLE_DEBUG_INFO = INCLUDE_SOURCE;
				MTL_FAST_MATH = YES;
				ONLY_ACTIVE_ARCH = YES;
				SWIFT_ACTIVE_COMPILATION_CONDITIONS = "DEBUG $(inherited)";
				SWIFT_OPTIMIZATION_LEVEL = "-Onone";
			};
			name = Debug;
		};
		AA000012 /* Release */ = {
			isa = XCBuildConfiguration;
			buildSettings = {
				ALWAYS_SEARCH_USER_PATHS = NO;
				ASSETCATALOG_COMPILER_GENERATE_SWIFT_ASSET_SYMBOL_EXTENSIONS = YES;
				CLANG_ANALYZER_NONNULL = YES;
				CLANG_ANALYZER_NUMBER_OBJECT_CONVERSION = YES_AGGRESSIVE;
				CLANG_CXX_LANGUAGE_STANDARD = "gnu++20";
				CLANG_ENABLE_MODULES = YES;
				CLANG_ENABLE_OBJC_ARC = YES;
				CLANG_ENABLE_OBJC_WEAK = YES;
				CLANG_WARN_BLOCK_CAPTURE_AUTORELEASING = YES;
				CLANG_WARN_BOOL_CONVERSION = YES;
				CLANG_WARN_COMMA = YES;
				CLANG_WARN_CONSTANT_CONVERSION = YES;
				CLANG_WARN_DEPRECATED_OBJC_IMPLEMENTATIONS = YES;
				CLANG_WARN_DIRECT_OBJC_ISA_USAGE = YES_ERROR;
				CLANG_WARN_DOCUMENTATION_COMMENTS = YES;
				CLANG_WARN_EMPTY_BODY = YES;
				CLANG_WARN_ENUM_CONVERSION = YES;
				CLANG_WARN_INFINITE_RECURSION = YES;
				CLANG_WARN_INT_CONVERSION = YES;
				CLANG_WARN_NON_LITERAL_NULL_CONVERSION = YES;
				CLANG_WARN_OBJC_IMPLICIT_RETAIN_SELF = YES;
				CLANG_WARN_OBJC_LITERAL_CONVERSION = YES;
				CLANG_WARN_OBJC_ROOT_CLASS = YES_ERROR;
				CLANG_WARN_QUOTED_INCLUDE_IN_FRAMEWORK_HEADER = YES;
				CLANG_WARN_RANGE_LOOP_ANALYSIS = YES;
				CLANG_WARN_STRICT_PROTOTYPES = YES;
				CLANG_WARN_SUSPICIOUS_MOVE = YES;
				CLANG_WARN_UNINITIALIZED = YES;
				CLANG_WARN_UNREACHABLE_CODE = YES;
				CLANG_WARN__DUPLICATE_METHOD_MATCH = YES;
				COPY_PHASE_STRIP = NO;
				DEBUG_INFORMATION_FORMAT = "dwarf-with-dsym";
				ENABLE_NS_ASSERTIONS = NO;
				ENABLE_STRICT_OBJC_MSGSEND = YES;
				ENABLE_USER_SCRIPT_SANDBOXING = YES;
				GCC_C_LANGUAGE_STANDARD = gnu17;
				GCC_NO_COMMON_BLOCKS = YES;
				GCC_WARN_64_TO_32_BIT_CONVERSION = YES;
				GCC_WARN_ABOUT_RETURN_TYPE = YES_ERROR;
				GCC_WARN_UNDECLARED_SELECTOR = YES;
				GCC_WARN_UNINITIALIZED_AUTOS = YES_AGGRESSIVE;
				GCC_WARN_UNUSED_FUNCTION = YES;
				GCC_WARN_UNUSED_VARIABLE = YES;
				LOCALIZATION_PREFERS_STRING_CATALOGS = YES;
				MTL_FAST_MATH = YES;
				SWIFT_COMPILATION_MODE = wholemodule;
			};
			name = Release;
		};
		AA000014 /* Debug */ = {
			isa = XCBuildConfiguration;
			buildSettings = {
				ASSETCATALOG_COMPILER_APPICON_NAME = AppIcon;
				ASSETCATALOG_COMPILER_GLOBAL_ACCENT_COLOR_NAME = AccentColor;
				CODE_SIGN_STYLE = Automatic;
				CURRENT_PROJECT_VERSION = 1;
				DEVELOPMENT_ASSET_PATHS = "";
				DEVELOPMENT_TEAM = YLB7965V89;
				ENABLE_PREVIEWS = YES;
				GENERATE_INFOPLIST_FILE = NO;
				INFOPLIST_FILE = JustRoll/Info.plist;
				IPHONEOS_DEPLOYMENT_TARGET = 17.0;
				LD_RUNPATH_SEARCH_PATHS = (
					"$(inherited)",
					"@executable_path/Frameworks",
				);
				MARKETING_VERSION = 1.0;
				PRODUCT_BUNDLE_IDENTIFIER = com.justroll.app;
				PRODUCT_NAME = "$(TARGET_NAME)";
				SDKROOT = iphoneos;
				SUPPORTED_PLATFORMS = "iphonesimulator iphoneos";
				SUPPORTS_MACCATALYST = NO;
				SWIFT_EMIT_LOC_STRINGS = YES;
				SWIFT_VERSION = 5.0;
				TARGETED_DEVICE_FAMILY = "1,2";
			};
			name = Debug;
		};
		AA000015 /* Release */ = {
			isa = XCBuildConfiguration;
			buildSettings = {
				ASSETCATALOG_COMPILER_APPICON_NAME = AppIcon;
				ASSETCATALOG_COMPILER_GLOBAL_ACCENT_COLOR_NAME = AccentColor;
				CODE_SIGN_STYLE = Automatic;
				CURRENT_PROJECT_VERSION = 1;
				DEVELOPMENT_ASSET_PATHS = "";
				DEVELOPMENT_TEAM = YLB7965V89;
				ENABLE_PREVIEWS = YES;
				GENERATE_INFOPLIST_FILE = NO;
				INFOPLIST_FILE = JustRoll/Info.plist;
				IPHONEOS_DEPLOYMENT_TARGET = 17.0;
				LD_RUNPATH_SEARCH_PATHS = (
					"$(inherited)",
					"@executable_path/Frameworks",
				);
				MARKETING_VERSION = 1.0;
				PRODUCT_BUNDLE_IDENTIFIER = com.justroll.app;
				PRODUCT_NAME = "$(TARGET_NAME)";
				SDKROOT = iphoneos;
				SUPPORTED_PLATFORMS = "iphonesimulator iphoneos";
				SUPPORTS_MACCATALYST = NO;
				SWIFT_EMIT_LOC_STRINGS = YES;
				SWIFT_VERSION = 5.0;
				TARGETED_DEVICE_FAMILY = "1,2";
			};
			name = Release;
		};
/* End XCBuildConfiguration section */

/* Begin XCConfigurationList section */
		AA000010 /* Build configuration list for PBXProject "JustRoll" */ = {
			isa = XCConfigurationList;
			buildConfigurations = (
				AA000011 /* Debug */,
				AA000012 /* Release */,
			);
			defaultConfigurationIsVisible = 0;
			defaultConfigurationName = Release;
		};
		AA000013 /* Build configuration list for PBXNativeTarget "JustRoll" */ = {
			isa = XCConfigurationList;
			buildConfigurations = (
				AA000014 /* Debug */,
				AA000015 /* Release */,
			);
			defaultConfigurationIsVisible = 0;
			defaultConfigurationName = Release;
		};
/* End XCConfigurationList section */

/* Begin XCRemoteSwiftPackageReference section */
		BD0180C32FF5A52D007C3292 /* XCRemoteSwiftPackageReference "supabase-swift" */ = {
			isa = XCRemoteSwiftPackageReference;
			repositoryURL = "https://github.com/supabase/supabase-swift";
			requirement = {
				kind = upToNextMajorVersion;
				minimumVersion = 2.5.1;
			};
		};
/* End XCRemoteSwiftPackageReference section */

/* Begin XCSwiftPackageProductDependency section */
		BD0180C42FF5A52D007C3292 /* Auth */ = {
			isa = XCSwiftPackageProductDependency;
			package = BD0180C32FF5A52D007C3292 /* XCRemoteSwiftPackageReference "supabase-swift" */;
			productName = Auth;
		};
		BD0180C62FF5A52D007C3292 /* Realtime */ = {
			isa = XCSwiftPackageProductDependency;
			package = BD0180C32FF5A52D007C3292 /* XCRemoteSwiftPackageReference "supabase-swift" */;
			productName = Realtime;
		};
		BD0180C82FF5A52D007C3292 /* Storage */ = {
			isa = XCSwiftPackageProductDependency;
			package = BD0180C32FF5A52D007C3292 /* XCRemoteSwiftPackageReference "supabase-swift" */;
			productName = Storage;
		};
		BD0180CA2FF5A52D007C3292 /* Supabase */ = {
			isa = XCSwiftPackageProductDependency;
			package = BD0180C32FF5A52D007C3292 /* XCRemoteSwiftPackageReference "supabase-swift" */;
			productName = Supabase;
		};
/* End XCSwiftPackageProductDependency section */
	};
	rootObject = AA000006 /* Project object */;
}
